
Microsoft Visual Studio Solution File, Format Version 12.00
# Visual Studio Version 17
VisualStudioVersion = 17.3.32922.545
MinimumVisualStudioVersion = 10.0.40219.1
Project("{FAE04EC0-301F-11D3-BF4B-00C04F79EFBC}") = "HW270323", "HW270323\HW270323.csproj", "{43EE6D92-8EED-4485-9298-8C10C47C3B2A}"
EndProject
Global
	GlobalSection(SolutionConfigurationPlatforms) = preSolution
		Debug|Any CPU = Debug|Any CPU
		Release|Any CPU = Release|Any CPU
	EndGlobalSection
	GlobalSection(ProjectConfigurationPlatforms) = postSolution
		{43EE6D92-8EED-4485-9298-8C10C47C3B2A}.Debug|Any CPU.ActiveCfg = Debug|Any CPU
		{43EE6D92-8EED-4485-9298-8C10C47C3B2A}.Debug|Any CPU.Build.0 = Debug|Any CPU
		{43EE6D92-8EED-4485-9298-8C10C47C3B2A}.Release|Any CPU.ActiveCfg = Release|Any CPU
		{43EE6D92-8EED-4485-9298-8C10C47C3B2A}.Release|Any CPU.Build.0 = Release|Any CPU
	EndGlobalSection
	GlobalSection(SolutionProperties) = preSolution
		HideSolutionNode = FALSE
	EndGlobalSection
	GlobalSection(ExtensibilityGlobals) = postSolution
		SolutionGuid = {DFB2E877-7AF8-468C-A4EA-E1E5183C47ED}
	EndGlobalSection
EndGlobal
